
Microsoft Visual Studio Solution File, Format Version 12.00
# Visual Studio 15
Project("{FAE04EC0-301F-11D3-BF4B-00C04F79EFBC}") = "PhotonUnityNetworking.Demos", "PhotonUnityNetworking.Demos.csproj", "{73C65707-B9D7-C477-D26A-FFE97832D349}"
EndProject
Project("{FAE04EC0-301F-11D3-BF4B-00C04F79EFBC}") = "PhotonUnityNetworking.Utilities", "PhotonUnityNetworking.Utilities.csproj", "{BF43A3F1-B0ED-2D10-FBD5-832D637CB3CC}"
EndProject
Project("{FAE04EC0-301F-11D3-BF4B-00C04F79EFBC}") = "PhotonChat", "PhotonChat.csproj", "{0762CDF6-AA20-2E10-F3BB-1BA7B625F503}"
EndProject
Project("{FAE04EC0-301F-11D3-BF4B-00C04F79EFBC}") = "PhotonUnityNetworking", "PhotonUnityNetworking.csproj", "{0F43A6E7-50B9-4819-AF4B-634886A7D7F4}"
EndProject
Project("{FAE04EC0-301F-11D3-BF4B-00C04F79EFBC}") = "Assembly-CSharp", "Assembly-CSharp.csproj", "{E4DDDA0C-5BF8-3A8E-B8EF-C94A91D7C1B1}"
EndProject
Project("{FAE04EC0-301F-11D3-BF4B-00C04F79EFBC}") = "Assembly-CSharp-firstpass", "Assembly-CSharp-firstpass.csproj", "{FE1D05CB-52FC-59B5-6634-158D99E41A52}"
EndProject
Project("{FAE04EC0-301F-11D3-BF4B-00C04F79EFBC}") = "PhotonRealtime", "PhotonRealtime.csproj", "{3750128D-9333-F023-F0AB-A3C6CF2F5104}"
EndProject
Project("{FAE04EC0-301F-11D3-BF4B-00C04F79EFBC}") = "PhotonWebSocket", "PhotonWebSocket.csproj", "{103AB6AC-704E-8B40-50B6-DCDA503484C7}"
EndProject
Project("{FAE04EC0-301F-11D3-BF4B-00C04F79EFBC}") = "PhotonUnityNetworking.Editor", "PhotonUnityNetworking.Editor.csproj", "{4A725BBB-BCC7-7DF5-5207-E86C70B46C5F}"
EndProject
Project("{FAE04EC0-301F-11D3-BF4B-00C04F79EFBC}") = "PunDemos.DemoHubEditor", "PunDemos.DemoHubEditor.csproj", "{2AFB0B48-F97B-5365-7CB9-3122FC5962F8}"
EndProject
Project("{FAE04EC0-301F-11D3-BF4B-00C04F79EFBC}") = "PhotonUnityNetworking.Utilities.PhotonPlayer.Editor", "PhotonUnityNetworking.Utilities.PhotonPlayer.Editor.csproj", "{1937AD9C-9B7A-ABFC-AE7D-A572C8AEA8CD}"
EndProject
Project("{FAE04EC0-301F-11D3-BF4B-00C04F79EFBC}") = "PhotonUnityNetworking.Utilities.Culling.Editor", "PhotonUnityNetworking.Utilities.Culling.Editor.csproj", "{7F959BAA-8FEE-2CD6-6E15-72C67D30F801}"
EndProject
Project("{FAE04EC0-301F-11D3-BF4B-00C04F79EFBC}") = "PunDemos.DemoSlotcarEditor", "PunDemos.DemoSlotcarEditor.csproj", "{C7D5C997-2D89-76EB-F18B-86ED14F3A9FF}"
EndProject
Global
	GlobalSection(SolutionConfigurationPlatforms) = preSolution
		Debug|Any CPU = Debug|Any CPU
		Release|Any CPU = Release|Any CPU
	EndGlobalSection
	GlobalSection(ProjectConfigurationPlatforms) = postSolution
		{73C65707-B9D7-C477-D26A-FFE97832D349}.Debug|Any CPU.ActiveCfg = Debug|Any CPU
		{73C65707-B9D7-C477-D26A-FFE97832D349}.Debug|Any CPU.Build.0 = Debug|Any CPU
		{73C65707-B9D7-C477-D26A-FFE97832D349}.Release|Any CPU.ActiveCfg = Release|Any CPU
		{73C65707-B9D7-C477-D26A-FFE97832D349}.Release|Any CPU.Build.0 = Release|Any CPU
		{BF43A3F1-B0ED-2D10-FBD5-832D637CB3CC}.Debug|Any CPU.ActiveCfg = Debug|Any CPU
		{BF43A3F1-B0ED-2D10-FBD5-832D637CB3CC}.Debug|Any CPU.Build.0 = Debug|Any CPU
		{BF43A3F1-B0ED-2D10-FBD5-832D637CB3CC}.Release|Any CPU.ActiveCfg = Release|Any CPU
		{BF43A3F1-B0ED-2D10-FBD5-832D637CB3CC}.Release|Any CPU.Build.0 = Release|Any CPU
		{0762CDF6-AA20-2E10-F3BB-1BA7B625F503}.Debug|Any CPU.ActiveCfg = Debug|Any CPU
		{0762CDF6-AA20-2E10-F3BB-1BA7B625F503}.Debug|Any CPU.Build.0 = Debug|Any CPU
		{0762CDF6-AA20-2E10-F3BB-1BA7B625F503}.Release|Any CPU.ActiveCfg = Release|Any CPU
		{0762CDF6-AA20-2E10-F3BB-1BA7B625F503}.Release|Any CPU.Build.0 = Release|Any CPU
		{0F43A6E7-50B9-4819-AF4B-634886A7D7F4}.Debug|Any CPU.ActiveCfg = Debug|Any CPU
		{0F43A6E7-50B9-4819-AF4B-634886A7D7F4}.Debug|Any CPU.Build.0 = Debug|Any CPU
		{0F43A6E7-50B9-4819-AF4B-634886A7D7F4}.Release|Any CPU.ActiveCfg = Release|Any CPU
		{0F43A6E7-50B9-4819-AF4B-634886A7D7F4}.Release|Any CPU.Build.0 = Release|Any CPU
		{E4DDDA0C-5BF8-3A8E-B8EF-C94A91D7C1B1}.Debug|Any CPU.ActiveCfg = Debug|Any CPU
		{E4DDDA0C-5BF8-3A8E-B8EF-C94A91D7C1B1}.Debug|Any CPU.Build.0 = Debug|Any CPU
		{E4DDDA0C-5BF8-3A8E-B8EF-C94A91D7C1B1}.Release|Any CPU.ActiveCfg = Release|Any CPU
		{E4DDDA0C-5BF8-3A8E-B8EF-C94A91D7C1B1}.Release|Any CPU.Build.0 = Release|Any CPU
		{FE1D05CB-52FC-59B5-6634-158D99E41A52}.Debug|Any CPU.ActiveCfg = Debug|Any CPU
		{FE1D05CB-52FC-59B5-6634-158D99E41A52}.Debug|Any CPU.Build.0 = Debug|Any CPU
		{FE1D05CB-52FC-59B5-6634-158D99E41A52}.Release|Any CPU.ActiveCfg = Release|Any CPU
		{FE1D05CB-52FC-59B5-6634-158D99E41A52}.Release|Any CPU.Build.0 = Release|Any CPU
		{3750128D-9333-F023-F0AB-A3C6CF2F5104}.Debug|Any CPU.ActiveCfg = Debug|Any CPU
		{3750128D-9333-F023-F0AB-A3C6CF2F5104}.Debug|Any CPU.Build.0 = Debug|Any CPU
		{3750128D-9333-F023-F0AB-A3C6CF2F5104}.Release|Any CPU.ActiveCfg = Release|Any CPU
		{3750128D-9333-F023-F0AB-A3C6CF2F5104}.Release|Any CPU.Build.0 = Release|Any CPU
		{103AB6AC-704E-8B40-50B6-DCDA503484C7}.Debug|Any CPU.ActiveCfg = Debug|Any CPU
		{103AB6AC-704E-8B40-50B6-DCDA503484C7}.Debug|Any CPU.Build.0 = Debug|Any CPU
		{103AB6AC-704E-8B40-50B6-DCDA503484C7}.Release|Any CPU.ActiveCfg = Release|Any CPU
		{103AB6AC-704E-8B40-50B6-DCDA503484C7}.Release|Any CPU.Build.0 = Release|Any CPU
		{4A725BBB-BCC7-7DF5-5207-E86C70B46C5F}.Debug|Any CPU.ActiveCfg = Debug|Any CPU
		{4A725BBB-BCC7-7DF5-5207-E86C70B46C5F}.Debug|Any CPU.Build.0 = Debug|Any CPU
		{4A725BBB-BCC7-7DF5-5207-E86C70B46C5F}.Release|Any CPU.ActiveCfg = Release|Any CPU
		{4A725BBB-BCC7-7DF5-5207-E86C70B46C5F}.Release|Any CPU.Build.0 = Release|Any CPU
		{2AFB0B48-F97B-5365-7CB9-3122FC5962F8}.Debug|Any CPU.ActiveCfg = Debug|Any CPU
		{2AFB0B48-F97B-5365-7CB9-3122FC5962F8}.Debug|Any CPU.Build.0 = Debug|Any CPU
		{2AFB0B48-F97B-5365-7CB9-3122FC5962F8}.Release|Any CPU.ActiveCfg = Release|Any CPU
		{2AFB0B48-F97B-5365-7CB9-3122FC5962F8}.Release|Any CPU.Build.0 = Release|Any CPU
		{1937AD9C-9B7A-ABFC-AE7D-A572C8AEA8CD}.Debug|Any CPU.ActiveCfg = Debug|Any CPU
		{1937AD9C-9B7A-ABFC-AE7D-A572C8AEA8CD}.Debug|Any CPU.Build.0 = Debug|Any CPU
		{1937AD9C-9B7A-ABFC-AE7D-A572C8AEA8CD}.Release|Any CPU.ActiveCfg = Release|Any CPU
		{1937AD9C-9B7A-ABFC-AE7D-A572C8AEA8CD}.Release|Any CPU.Build.0 = Release|Any CPU
		{7F959BAA-8FEE-2CD6-6E15-72C67D30F801}.Debug|Any CPU.ActiveCfg = Debug|Any CPU
		{7F959BAA-8FEE-2CD6-6E15-72C67D30F801}.Debug|Any CPU.Build.0 = Debug|Any CPU
		{7F959BAA-8FEE-2CD6-6E15-72C67D30F801}.Release|Any CPU.ActiveCfg = Release|Any CPU
		{7F959BAA-8FEE-2CD6-6E15-72C67D30F801}.Release|Any CPU.Build.0 = Release|Any CPU
		{C7D5C997-2D89-76EB-F18B-86ED14F3A9FF}.Debug|Any CPU.ActiveCfg = Debug|Any CPU
		{C7D5C997-2D89-76EB-F18B-86ED14F3A9FF}.Debug|Any CPU.Build.0 = Debug|Any CPU
		{C7D5C997-2D89-76EB-F18B-86ED14F3A9FF}.Release|Any CPU.ActiveCfg = Release|Any CPU
		{C7D5C997-2D89-76EB-F18B-86ED14F3A9FF}.Release|Any CPU.Build.0 = Release|Any CPU
	EndGlobalSection
	GlobalSection(SolutionProperties) = preSolution
		HideSolutionNode = FALSE
	EndGlobalSection
EndGlobal
